// !$*UTF8*$!
{
	archiveVersion = 1;
	classes = {
	};
	objectVersion = 50;
	objects = {

/* Begin PBXBuildFile section */
		0820FD222681BA84006DA8DD /* UIColorExtension.swift in Sources */ = {isa = PBXBuildFile; fileRef = 0820FD212681BA84006DA8DD /* UIColorExtension.swift */; };
		085370602678985400D30D8C /* AppDelegate.swift in Sources */ = {isa = PBXBuildFile; fileRef = 0853705F2678985400D30D8C /* AppDelegate.swift */; };
		085370642678985400D30D8C /* ViewController.swift in Sources */ = {isa = PBXBuildFile; fileRef = 085370632678985400D30D8C /* ViewController.swift */; };
		085370672678985400D30D8C /* Main.storyboard in Resources */ = {isa = PBXBuildFile; fileRef = 085370652678985400D30D8C /* Main.storyboard */; };
		0853706C2678985500D30D8C /* Assets.xcassets in Resources */ = {isa = PBXBuildFile; fileRef = 0853706B2678985500D30D8C /* Assets.xcassets */; };
		0853706F2678985500D30D8C /* LaunchScreen.storyboard in Resources */ = {isa = PBXBuildFile; fileRef = 0853706D2678985500D30D8C /* LaunchScreen.storyboard */; };
		08CDC5C3267ACB700073176F /* RekapitulasiViewController.swift in Sources */ = {isa = PBXBuildFile; fileRef = 08CDC5C2267ACB700073176F /* RekapitulasiViewController.swift */; };
		08CDC5C5267ACC050073176F /* PengaturanViewController.swift in Sources */ = {isa = PBXBuildFile; fileRef = 08CDC5C4267ACC050073176F /* PengaturanViewController.swift */; };
		08CDC5C7267ACC3F0073176F /* KeinginanViewController.swift in Sources */ = {isa = PBXBuildFile; fileRef = 08CDC5C6267ACC3F0073176F /* KeinginanViewController.swift */; };
		08CDC5D0267AD1C30073176F /* FirstCheck.swift in Sources */ = {isa = PBXBuildFile; fileRef = 08CDC5CF267AD1C30073176F /* FirstCheck.swift */; };
		08CDC5D2267AD4AF0073176F /* Pendapatan.storyboard in Resources */ = {isa = PBXBuildFile; fileRef = 08CDC5D1267AD4AF0073176F /* Pendapatan.storyboard */; };
		08CDC5D4267AD5170073176F /* PendapatanViewController.swift in Sources */ = {isa = PBXBuildFile; fileRef = 08CDC5D3267AD5170073176F /* PendapatanViewController.swift */; };
		08CDC5D6267AD5370073176F /* Kebutuhan.storyboard in Resources */ = {isa = PBXBuildFile; fileRef = 08CDC5D5267AD5370073176F /* Kebutuhan.storyboard */; };
		08CDC5D8267AD5410073176F /* KebutuhanViewController.swift in Sources */ = {isa = PBXBuildFile; fileRef = 08CDC5D7267AD5410073176F /* KebutuhanViewController.swift */; };
		08CDC5DA267AD58F0073176F /* Investasi.storyboard in Resources */ = {isa = PBXBuildFile; fileRef = 08CDC5D9267AD58F0073176F /* Investasi.storyboard */; };
		08CDC5DC267AD59A0073176F /* InvestasiViewController.swift in Sources */ = {isa = PBXBuildFile; fileRef = 08CDC5DB267AD59A0073176F /* InvestasiViewController.swift */; };
		08CDC5DE267AD6000073176F /* DanaImpulsifViewController.swift in Sources */ = {isa = PBXBuildFile; fileRef = 08CDC5DD267AD6000073176F /* DanaImpulsifViewController.swift */; };
		08CDC5E0267AD61F0073176F /* DanaImpulsif.storyboard in Resources */ = {isa = PBXBuildFile; fileRef = 08CDC5DF267AD61F0073176F /* DanaImpulsif.storyboard */; };
		08CDC5E2267AD6510073176F /* PerkiraanBiayaViewController.swift in Sources */ = {isa = PBXBuildFile; fileRef = 08CDC5E1267AD6510073176F /* PerkiraanBiayaViewController.swift */; };
		08CDC5E4267AD6600073176F /* PerkiraanBiaya.storyboard in Resources */ = {isa = PBXBuildFile; fileRef = 08CDC5E3267AD6600073176F /* PerkiraanBiaya.storyboard */; };
		08CDC5EC267AE02A0073176F /* SceneDelegate.swift in Sources */ = {isa = PBXBuildFile; fileRef = 08CDC5EB267AE02A0073176F /* SceneDelegate.swift */; };
		08F91CD02679F570008BC4DE /* Rekapitulasi.storyboard in Resources */ = {isa = PBXBuildFile; fileRef = 08F91CCF2679F570008BC4DE /* Rekapitulasi.storyboard */; };
		08F91CD22679F588008BC4DE /* Pengaturan.storyboard in Resources */ = {isa = PBXBuildFile; fileRef = 08F91CD12679F588008BC4DE /* Pengaturan.storyboard */; };
		08FF35C02680A0C90006673A /* General+CoreDataClass.swift in Sources */ = {isa = PBXBuildFile; fileRef = 08FF35B22680A0C80006673A /* General+CoreDataClass.swift */; };
		08FF35C12680A0C90006673A /* General+CoreDataProperties.swift in Sources */ = {isa = PBXBuildFile; fileRef = 08FF35B32680A0C80006673A /* General+CoreDataProperties.swift */; };
		08FF35C22680A0C90006673A /* Pendapatan+CoreDataClass.swift in Sources */ = {isa = PBXBuildFile; fileRef = 08FF35B42680A0C80006673A /* Pendapatan+CoreDataClass.swift */; };
		08FF35C32680A0C90006673A /* Pendapatan+CoreDataProperties.swift in Sources */ = {isa = PBXBuildFile; fileRef = 08FF35B52680A0C80006673A /* Pendapatan+CoreDataProperties.swift */; };
		08FF35C42680A0C90006673A /* Sisa+CoreDataClass.swift in Sources */ = {isa = PBXBuildFile; fileRef = 08FF35B62680A0C90006673A /* Sisa+CoreDataClass.swift */; };
		08FF35C52680A0C90006673A /* Sisa+CoreDataProperties.swift in Sources */ = {isa = PBXBuildFile; fileRef = 08FF35B72680A0C90006673A /* Sisa+CoreDataProperties.swift */; };
		08FF35C62680A0C90006673A /* Keinginan+CoreDataClass.swift in Sources */ = {isa = PBXBuildFile; fileRef = 08FF35B82680A0C90006673A /* Keinginan+CoreDataClass.swift */; };
		08FF35C72680A0C90006673A /* Keinginan+CoreDataProperties.swift in Sources */ = {isa = PBXBuildFile; fileRef = 08FF35B92680A0C90006673A /* Keinginan+CoreDataProperties.swift */; };
		08FF35C82680A0C90006673A /* Kebutuhan+CoreDataClass.swift in Sources */ = {isa = PBXBuildFile; fileRef = 08FF35BA2680A0C90006673A /* Kebutuhan+CoreDataClass.swift */; };
		08FF35C92680A0C90006673A /* Kebutuhan+CoreDataProperties.swift in Sources */ = {isa = PBXBuildFile; fileRef = 08FF35BB2680A0C90006673A /* Kebutuhan+CoreDataProperties.swift */; };
		08FF35CA2680A0C90006673A /* Investasi+CoreDataClass.swift in Sources */ = {isa = PBXBuildFile; fileRef = 08FF35BC2680A0C90006673A /* Investasi+CoreDataClass.swift */; };
		08FF35CB2680A0C90006673A /* Investasi+CoreDataProperties.swift in Sources */ = {isa = PBXBuildFile; fileRef = 08FF35BD2680A0C90006673A /* Investasi+CoreDataProperties.swift */; };
		08FF35CC2680A0C90006673A /* History+CoreDataClass.swift in Sources */ = {isa = PBXBuildFile; fileRef = 08FF35BE2680A0C90006673A /* History+CoreDataClass.swift */; };
		08FF35CD2680A0C90006673A /* History+CoreDataProperties.swift in Sources */ = {isa = PBXBuildFile; fileRef = 08FF35BF2680A0C90006673A /* History+CoreDataProperties.swift */; };
		905F3B3B2679F2AD008B1A84 /* Keinginan.storyboard in Resources */ = {isa = PBXBuildFile; fileRef = 905F3B3A2679F2AD008B1A84 /* Keinginan.storyboard */; };
/* End PBXBuildFile section */

/* Begin PBXFileReference section */
		0820FD212681BA84006DA8DD /* UIColorExtension.swift */ = {isa = PBXFileReference; lastKnownFileType = sourcecode.swift; path = UIColorExtension.swift; sourceTree = "<group>"; };
		0853705C2678985400D30D8C /* BoBNolepAssique.app */ = {isa = PBXFileReference; explicitFileType = wrapper.application; includeInIndex = 0; path = BoBNolepAssique.app; sourceTree = BUILT_PRODUCTS_DIR; };
		0853705F2678985400D30D8C /* AppDelegate.swift */ = {isa = PBXFileReference; lastKnownFileType = sourcecode.swift; path = AppDelegate.swift; sourceTree = "<group>"; };
		085370632678985400D30D8C /* ViewController.swift */ = {isa = PBXFileReference; lastKnownFileType = sourcecode.swift; path = ViewController.swift; sourceTree = "<group>"; };
		085370662678985400D30D8C /* Base */ = {isa = PBXFileReference; lastKnownFileType = file.storyboard; name = Base; path = Base.lproj/Main.storyboard; sourceTree = "<group>"; };
		085370692678985400D30D8C /* BoBNolepAssique.xcdatamodel */ = {isa = PBXFileReference; lastKnownFileType = wrapper.xcdatamodel; path = BoBNolepAssique.xcdatamodel; sourceTree = "<group>"; };
		0853706B2678985500D30D8C /* Assets.xcassets */ = {isa = PBXFileReference; lastKnownFileType = folder.assetcatalog; path = Assets.xcassets; sourceTree = "<group>"; };
		0853706E2678985500D30D8C /* Base */ = {isa = PBXFileReference; lastKnownFileType = file.storyboard; name = Base; path = Base.lproj/LaunchScreen.storyboard; sourceTree = "<group>"; };
		085370702678985500D30D8C /* Info.plist */ = {isa = PBXFileReference; lastKnownFileType = text.plist.xml; path = Info.plist; sourceTree = "<group>"; };
		08CDC5C2267ACB700073176F /* RekapitulasiViewController.swift */ = {isa = PBXFileReference; lastKnownFileType = sourcecode.swift; path = RekapitulasiViewController.swift; sourceTree = "<group>"; };
		08CDC5C4267ACC050073176F /* PengaturanViewController.swift */ = {isa = PBXFileReference; lastKnownFileType = sourcecode.swift; path = PengaturanViewController.swift; sourceTree = "<group>"; };
		08CDC5C6267ACC3F0073176F /* KeinginanViewController.swift */ = {isa = PBXFileReference; lastKnownFileType = sourcecode.swift; path = KeinginanViewController.swift; sourceTree = "<group>"; };
		08CDC5CF267AD1C30073176F /* FirstCheck.swift */ = {isa = PBXFileReference; lastKnownFileType = sourcecode.swift; path = FirstCheck.swift; sourceTree = "<group>"; };
		08CDC5D1267AD4AF0073176F /* Pendapatan.storyboard */ = {isa = PBXFileReference; lastKnownFileType = file.storyboard; path = Pendapatan.storyboard; sourceTree = "<group>"; };
		08CDC5D3267AD5170073176F /* PendapatanViewController.swift */ = {isa = PBXFileReference; lastKnownFileType = sourcecode.swift; path = PendapatanViewController.swift; sourceTree = "<group>"; };
		08CDC5D5267AD5370073176F /* Kebutuhan.storyboard */ = {isa = PBXFileReference; lastKnownFileType = file.storyboard; path = Kebutuhan.storyboard; sourceTree = "<group>"; };
		08CDC5D7267AD5410073176F /* KebutuhanViewController.swift */ = {isa = PBXFileReference; lastKnownFileType = sourcecode.swift; path = KebutuhanViewController.swift; sourceTree = "<group>"; };
		08CDC5D9267AD58F0073176F /* Investasi.storyboard */ = {isa = PBXFileReference; lastKnownFileType = file.storyboard; path = Investasi.storyboard; sourceTree = "<group>"; };
		08CDC5DB267AD59A0073176F /* InvestasiViewController.swift */ = {isa = PBXFileReference; lastKnownFileType = sourcecode.swift; path = InvestasiViewController.swift; sourceTree = "<group>"; };
		08CDC5DD267AD6000073176F /* DanaImpulsifViewController.swift */ = {isa = PBXFileReference; lastKnownFileType = sourcecode.swift; path = DanaImpulsifViewController.swift; sourceTree = "<group>"; };
		08CDC5DF267AD61F0073176F /* DanaImpulsif.storyboard */ = {isa = PBXFileReference; lastKnownFileType = file.storyboard; path = DanaImpulsif.storyboard; sourceTree = "<group>"; };
		08CDC5E1267AD6510073176F /* PerkiraanBiayaViewController.swift */ = {isa = PBXFileReference; lastKnownFileType = sourcecode.swift; path = PerkiraanBiayaViewController.swift; sourceTree = "<group>"; };
		08CDC5E3267AD6600073176F /* PerkiraanBiaya.storyboard */ = {isa = PBXFileReference; lastKnownFileType = file.storyboard; path = PerkiraanBiaya.storyboard; sourceTree = "<group>"; };
		08CDC5EB267AE02A0073176F /* SceneDelegate.swift */ = {isa = PBXFileReference; lastKnownFileType = sourcecode.swift; path = SceneDelegate.swift; sourceTree = "<group>"; };
		08F91CCF2679F570008BC4DE /* Rekapitulasi.storyboard */ = {isa = PBXFileReference; lastKnownFileType = file.storyboard; path = Rekapitulasi.storyboard; sourceTree = "<group>"; };
		08F91CD12679F588008BC4DE /* Pengaturan.storyboard */ = {isa = PBXFileReference; lastKnownFileType = file.storyboard; path = Pengaturan.storyboard; sourceTree = "<group>"; };
		08FF35B22680A0C80006673A /* General+CoreDataClass.swift */ = {isa = PBXFileReference; lastKnownFileType = sourcecode.swift; path = "General+CoreDataClass.swift"; sourceTree = SOURCE_ROOT; };
		08FF35B32680A0C80006673A /* General+CoreDataProperties.swift */ = {isa = PBXFileReference; lastKnownFileType = sourcecode.swift; path = "General+CoreDataProperties.swift"; sourceTree = SOURCE_ROOT; };
		08FF35B42680A0C80006673A /* Pendapatan+CoreDataClass.swift */ = {isa = PBXFileReference; lastKnownFileType = sourcecode.swift; path = "Pendapatan+CoreDataClass.swift"; sourceTree = SOURCE_ROOT; };
		08FF35B52680A0C80006673A /* Pendapatan+CoreDataProperties.swift */ = {isa = PBXFileReference; lastKnownFileType = sourcecode.swift; path = "Pendapatan+CoreDataProperties.swift"; sourceTree = SOURCE_ROOT; };
		08FF35B62680A0C90006673A /* Sisa+CoreDataClass.swift */ = {isa = PBXFileReference; lastKnownFileType = sourcecode.swift; path = "Sisa+CoreDataClass.swift"; sourceTree = SOURCE_ROOT; };
		08FF35B72680A0C90006673A /* Sisa+CoreDataProperties.swift */ = {isa = PBXFileReference; lastKnownFileType = sourcecode.swift; path = "Sisa+CoreDataProperties.swift"; sourceTree = SOURCE_ROOT; };
		08FF35B82680A0C90006673A /* Keinginan+CoreDataClass.swift */ = {isa = PBXFileReference; lastKnownFileType = sourcecode.swift; path = "Keinginan+CoreDataClass.swift"; sourceTree = SOURCE_ROOT; };
		08FF35B92680A0C90006673A /* Keinginan+CoreDataProperties.swift */ = {isa = PBXFileReference; lastKnownFileType = sourcecode.swift; path = "Keinginan+CoreDataProperties.swift"; sourceTree = SOURCE_ROOT; };
		08FF35BA2680A0C90006673A /* Kebutuhan+CoreDataClass.swift */ = {isa = PBXFileReference; lastKnownFileType = sourcecode.swift; path = "Kebutuhan+CoreDataClass.swift"; sourceTree = SOURCE_ROOT; };
		08FF35BB2680A0C90006673A /* Kebutuhan+CoreDataProperties.swift */ = {isa = PBXFileReference; lastKnownFileType = sourcecode.swift; path = "Kebutuhan+CoreDataProperties.swift"; sourceTree = SOURCE_ROOT; };
		08FF35BC2680A0C90006673A /* Investasi+CoreDataClass.swift */ = {isa = PBXFileReference; lastKnownFileType = sourcecode.swift; path = "Investasi+CoreDataClass.swift"; sourceTree = SOURCE_ROOT; };
		08FF35BD2680A0C90006673A /* Investasi+CoreDataProperties.swift */ = {isa = PBXFileReference; lastKnownFileType = sourcecode.swift; path = "Investasi+CoreDataProperties.swift"; sourceTree = SOURCE_ROOT; };
		08FF35BE2680A0C90006673A /* History+CoreDataClass.swift */ = {isa = PBXFileReference; lastKnownFileType = sourcecode.swift; path = "History+CoreDataClass.swift"; sourceTree = SOURCE_ROOT; };
		08FF35BF2680A0C90006673A /* History+CoreDataProperties.swift */ = {isa = PBXFileReference; lastKnownFileType = sourcecode.swift; path = "History+CoreDataProperties.swift"; sourceTree = SOURCE_ROOT; };
		905F3B3A2679F2AD008B1A84 /* Keinginan.storyboard */ = {isa = PBXFileReference; lastKnownFileType = file.storyboard; path = Keinginan.storyboard; sourceTree = "<group>"; };
/* End PBXFileReference section */

/* Begin PBXFrameworksBuildPhase section */
		085370592678985400D30D8C /* Frameworks */ = {
			isa = PBXFrameworksBuildPhase;
			buildActionMask = 2147483647;
			files = (
			);
			runOnlyForDeploymentPostprocessing = 0;
		};
/* End PBXFrameworksBuildPhase section */

/* Begin PBXGroup section */
		085370532678985400D30D8C = {
			isa = PBXGroup;
			children = (
				0853705E2678985400D30D8C /* BoBNolepAssique */,
				0853705D2678985400D30D8C /* Products */,
			);
			sourceTree = "<group>";
		};
		0853705D2678985400D30D8C /* Products */ = {
			isa = PBXGroup;
			children = (
				0853705C2678985400D30D8C /* BoBNolepAssique.app */,
			);
			name = Products;
			sourceTree = "<group>";
		};
		0853705E2678985400D30D8C /* BoBNolepAssique */ = {
			isa = PBXGroup;
			children = (
				08CDC5E8267AD7950073176F /* Controllers */,
				08CDC5E5267AD6FF0073176F /* Views */,
				08CDC5CE267AD1AF0073176F /* Helpers */,
				08CDC5CD267AD1370073176F /* CoreData */,
				0853705F2678985400D30D8C /* AppDelegate.swift */,
				08CDC5EB267AE02A0073176F /* SceneDelegate.swift */,
				085370632678985400D30D8C /* ViewController.swift */,
				0853706B2678985500D30D8C /* Assets.xcassets */,
				0853706D2678985500D30D8C /* LaunchScreen.storyboard */,
				085370702678985500D30D8C /* Info.plist */,
				085370682678985400D30D8C /* BoBNolepAssique.xcdatamodeld */,
			);
			path = BoBNolepAssique;
			sourceTree = "<group>";
		};
		08CDC5CD267AD1370073176F /* CoreData */ = {
			isa = PBXGroup;
			children = (
				08FF35B22680A0C80006673A /* General+CoreDataClass.swift */,
				08FF35B32680A0C80006673A /* General+CoreDataProperties.swift */,
				08FF35B42680A0C80006673A /* Pendapatan+CoreDataClass.swift */,
				08FF35B52680A0C80006673A /* Pendapatan+CoreDataProperties.swift */,
				08FF35B62680A0C90006673A /* Sisa+CoreDataClass.swift */,
				08FF35B72680A0C90006673A /* Sisa+CoreDataProperties.swift */,
				08FF35B82680A0C90006673A /* Keinginan+CoreDataClass.swift */,
				08FF35B92680A0C90006673A /* Keinginan+CoreDataProperties.swift */,
				08FF35BA2680A0C90006673A /* Kebutuhan+CoreDataClass.swift */,
				08FF35BB2680A0C90006673A /* Kebutuhan+CoreDataProperties.swift */,
				08FF35BC2680A0C90006673A /* Investasi+CoreDataClass.swift */,
				08FF35BD2680A0C90006673A /* Investasi+CoreDataProperties.swift */,
				08FF35BE2680A0C90006673A /* History+CoreDataClass.swift */,
				08FF35BF2680A0C90006673A /* History+CoreDataProperties.swift */,
			);
			path = CoreData;
			sourceTree = "<group>";
		};
		08CDC5CE267AD1AF0073176F /* Helpers */ = {
			isa = PBXGroup;
			children = (
				08CDC5CF267AD1C30073176F /* FirstCheck.swift */,
				0820FD212681BA84006DA8DD /* UIColorExtension.swift */,
			);
			path = Helpers;
			sourceTree = "<group>";
		};
		08CDC5E5267AD6FF0073176F /* Views */ = {
			isa = PBXGroup;
			children = (
				08CDC5E7267AD71E0073176F /* Main */,
				08CDC5E6267AD7110073176F /* Intro */,
			);
			path = Views;
			sourceTree = "<group>";
		};
		08CDC5E6267AD7110073176F /* Intro */ = {
			isa = PBXGroup;
			children = (
				08CDC5D1267AD4AF0073176F /* Pendapatan.storyboard */,
				08CDC5D5267AD5370073176F /* Kebutuhan.storyboard */,
				08CDC5D9267AD58F0073176F /* Investasi.storyboard */,
				08CDC5DF267AD61F0073176F /* DanaImpulsif.storyboard */,
				08CDC5E3267AD6600073176F /* PerkiraanBiaya.storyboard */,
			);
			path = Intro;
			sourceTree = "<group>";
		};
		08CDC5E7267AD71E0073176F /* Main */ = {
			isa = PBXGroup;
			children = (
				085370652678985400D30D8C /* Main.storyboard */,
				08F91CCF2679F570008BC4DE /* Rekapitulasi.storyboard */,
				08F91CD12679F588008BC4DE /* Pengaturan.storyboard */,
				905F3B3A2679F2AD008B1A84 /* Keinginan.storyboard */,
			);
			path = Main;
			sourceTree = "<group>";
		};
		08CDC5E8267AD7950073176F /* Controllers */ = {
			isa = PBXGroup;
			children = (
				08CDC5EA267AD7AA0073176F /* Main */,
				08CDC5E9267AD7A30073176F /* Intro */,
			);
			path = Controllers;
			sourceTree = "<group>";
		};
		08CDC5E9267AD7A30073176F /* Intro */ = {
			isa = PBXGroup;
			children = (
				08CDC5D3267AD5170073176F /* PendapatanViewController.swift */,
				08CDC5D7267AD5410073176F /* KebutuhanViewController.swift */,
				08CDC5DB267AD59A0073176F /* InvestasiViewController.swift */,
				08CDC5DD267AD6000073176F /* DanaImpulsifViewController.swift */,
				08CDC5E1267AD6510073176F /* PerkiraanBiayaViewController.swift */,
			);
			path = Intro;
			sourceTree = "<group>";
		};
		08CDC5EA267AD7AA0073176F /* Main */ = {
			isa = PBXGroup;
			children = (
				08CDC5C2267ACB700073176F /* RekapitulasiViewController.swift */,
				08CDC5C6267ACC3F0073176F /* KeinginanViewController.swift */,
				08CDC5C4267ACC050073176F /* PengaturanViewController.swift */,
			);
			path = Main;
			sourceTree = "<group>";
		};
/* End PBXGroup section */

/* Begin PBXNativeTarget section */
		0853705B2678985400D30D8C /* BoBNolepAssique */ = {
			isa = PBXNativeTarget;
			buildConfigurationList = 085370732678985500D30D8C /* Build configuration list for PBXNativeTarget "BoBNolepAssique" */;
			buildPhases = (
				085370582678985400D30D8C /* Sources */,
				085370592678985400D30D8C /* Frameworks */,
				0853705A2678985400D30D8C /* Resources */,
			);
			buildRules = (
			);
			dependencies = (
			);
			name = BoBNolepAssique;
			productName = BoBNolepAssique;
			productReference = 0853705C2678985400D30D8C /* BoBNolepAssique.app */;
			productType = "com.apple.product-type.application";
		};
/* End PBXNativeTarget section */

/* Begin PBXProject section */
		085370542678985400D30D8C /* Project object */ = {
			isa = PBXProject;
			attributes = {
				LastSwiftUpdateCheck = 1250;
				LastUpgradeCheck = 1250;
				TargetAttributes = {
					0853705B2678985400D30D8C = {
						CreatedOnToolsVersion = 12.5;
					};
				};
			};
			buildConfigurationList = 085370572678985400D30D8C /* Build configuration list for PBXProject "BoBNolepAssique" */;
			compatibilityVersion = "Xcode 9.3";
			developmentRegion = en;
			hasScannedForEncodings = 0;
			knownRegions = (
				en,
				Base,
			);
			mainGroup = 085370532678985400D30D8C;
			productRefGroup = 0853705D2678985400D30D8C /* Products */;
			projectDirPath = "";
			projectRoot = "";
			targets = (
				0853705B2678985400D30D8C /* BoBNolepAssique */,
			);
		};
/* End PBXProject section */

/* Begin PBXResourcesBuildPhase section */
		0853705A2678985400D30D8C /* Resources */ = {
			isa = PBXResourcesBuildPhase;
			buildActionMask = 2147483647;
			files = (
				08CDC5D2267AD4AF0073176F /* Pendapatan.storyboard in Resources */,
				08CDC5DA267AD58F0073176F /* Investasi.storyboard in Resources */,
				08F91CD22679F588008BC4DE /* Pengaturan.storyboard in Resources */,
				08CDC5E4267AD6600073176F /* PerkiraanBiaya.storyboard in Resources */,
				905F3B3B2679F2AD008B1A84 /* Keinginan.storyboard in Resources */,
				0853706F2678985500D30D8C /* LaunchScreen.storyboard in Resources */,
				0853706C2678985500D30D8C /* Assets.xcassets in Resources */,
				08CDC5E0267AD61F0073176F /* DanaImpulsif.storyboard in Resources */,
				085370672678985400D30D8C /* Main.storyboard in Resources */,
				08F91CD02679F570008BC4DE /* Rekapitulasi.storyboard in Resources */,
				08CDC5D6267AD5370073176F /* Kebutuhan.storyboard in Resources */,
			);
			runOnlyForDeploymentPostprocessing = 0;
		};
/* End PBXResourcesBuildPhase section */

/* Begin PBXSourcesBuildPhase section */
		085370582678985400D30D8C /* Sources */ = {
			isa = PBXSourcesBuildPhase;
			buildActionMask = 2147483647;
			files = (
				08FF35C52680A0C90006673A /* Sisa+CoreDataProperties.swift in Sources */,
				08FF35CA2680A0C90006673A /* Investasi+CoreDataClass.swift in Sources */,
				08CDC5E2267AD6510073176F /* PerkiraanBiayaViewController.swift in Sources */,
				08CDC5D8267AD5410073176F /* KebutuhanViewController.swift in Sources */,
				08FF35CD2680A0C90006673A /* History+CoreDataProperties.swift in Sources */,
				08CDC5D4267AD5170073176F /* PendapatanViewController.swift in Sources */,
				08FF35C12680A0C90006673A /* General+CoreDataProperties.swift in Sources */,
				08CDC5EC267AE02A0073176F /* SceneDelegate.swift in Sources */,
				08FF35CC2680A0C90006673A /* History+CoreDataClass.swift in Sources */,
				08CDC5DE267AD6000073176F /* DanaImpulsifViewController.swift in Sources */,
				08FF35C42680A0C90006673A /* Sisa+CoreDataClass.swift in Sources */,
				08FF35C02680A0C90006673A /* General+CoreDataClass.swift in Sources */,
				08CDC5C5267ACC050073176F /* PengaturanViewController.swift in Sources */,
				08FF35CB2680A0C90006673A /* Investasi+CoreDataProperties.swift in Sources */,
				0820FD222681BA84006DA8DD /* UIColorExtension.swift in Sources */,
				08FF35C22680A0C90006673A /* Pendapatan+CoreDataClass.swift in Sources */,
				08FF35C62680A0C90006673A /* Keinginan+CoreDataClass.swift in Sources */,
				08FF35C72680A0C90006673A /* Keinginan+CoreDataProperties.swift in Sources */,
				085370642678985400D30D8C /* ViewController.swift in Sources */,
				08CDC5C3267ACB700073176F /* RekapitulasiViewController.swift in Sources */,
				08CDC5C7267ACC3F0073176F /* KeinginanViewController.swift in Sources */,
				08FF35C92680A0C90006673A /* Kebutuhan+CoreDataProperties.swift in Sources */,
				08FF35C82680A0C90006673A /* Kebutuhan+CoreDataClass.swift in Sources */,
				085370602678985400D30D8C /* AppDelegate.swift in Sources */,
				08CDC5DC267AD59A0073176F /* InvestasiViewController.swift in Sources */,
				08FF35C32680A0C90006673A /* Pendapatan+CoreDataProperties.swift in Sources */,
				08CDC5D0267AD1C30073176F /* FirstCheck.swift in Sources */,
			);
			runOnlyForDeploymentPostprocessing = 0;
		};
/* End PBXSourcesBuildPhase section */

/* Begin PBXVariantGroup section */
		085370652678985400D30D8C /* Main.storyboard */ = {
			isa = PBXVariantGroup;
			children = (
				085370662678985400D30D8C /* Base */,
			);
			name = Main.storyboard;
			sourceTree = "<group>";
		};
		0853706D2678985500D30D8C /* LaunchScreen.storyboard */ = {
			isa = PBXVariantGroup;
			children = (
				0853706E2678985500D30D8C /* Base */,
			);
			name = LaunchScreen.storyboard;
			sourceTree = "<group>";
		};
/* End PBXVariantGroup section */

/* Begin XCBuildConfiguration section */
		085370712678985500D30D8C /* Debug */ = {
			isa = XCBuildConfiguration;
			buildSettings = {
				ALWAYS_SEARCH_USER_PATHS = NO;
				CLANG_ANALYZER_NONNULL = YES;
				CLANG_ANALYZER_NUMBER_OBJECT_CONVERSION = YES_AGGRESSIVE;
				CLANG_CXX_LANGUAGE_STANDARD = "gnu++14";
				CLANG_CXX_LIBRARY = "libc++";
				CLANG_ENABLE_MODULES = YES;
				CLANG_ENABLE_OBJC_ARC = YES;
				CLANG_ENABLE_OBJC_WEAK = YES;
				CLANG_WARN_BLOCK_CAPTURE_AUTORELEASING = YES;
				CLANG_WARN_BOOL_CONVERSION = YES;
				CLANG_WARN_COMMA = YES;
				CLANG_WARN_CONSTANT_CONVERSION = YES;
				CLANG_WARN_DEPRECATED_OBJC_IMPLEMENTATIONS = YES;
				CLANG_WARN_DIRECT_OBJC_ISA_USAGE = YES_ERROR;
				CLANG_WARN_DOCUMENTATION_COMMENTS = YES;
				CLANG_WARN_EMPTY_BODY = YES;
				CLANG_WARN_ENUM_CONVERSION = YES;
				CLANG_WARN_INFINITE_RECURSION = YES;
				CLANG_WARN_INT_CONVERSION = YES;
				CLANG_WARN_NON_LITERAL_NULL_CONVERSION = YES;
				CLANG_WARN_OBJC_IMPLICIT_RETAIN_SELF = YES;
				CLANG_WARN_OBJC_LITERAL_CONVERSION = YES;
				CLANG_WARN_OBJC_ROOT_CLASS = YES_ERROR;
				CLANG_WARN_QUOTED_INCLUDE_IN_FRAMEWORK_HEADER = YES;
				CLANG_WARN_RANGE_LOOP_ANALYSIS = YES;
				CLANG_WARN_STRICT_PROTOTYPES = YES;
				CLANG_WARN_SUSPICIOUS_MOVE = YES;
				CLANG_WARN_UNGUARDED_AVAILABILITY = YES_AGGRESSIVE;
				CLANG_WARN_UNREACHABLE_CODE = YES;
				CLANG_WARN__DUPLICATE_METHOD_MATCH = YES;
				COPY_PHASE_STRIP = NO;
				DEBUG_INFORMATION_FORMAT = dwarf;
				ENABLE_STRICT_OBJC_MSGSEND = YES;
				ENABLE_TESTABILITY = YES;
				GCC_C_LANGUAGE_STANDARD = gnu11;
				GCC_DYNAMIC_NO_PIC = NO;
				GCC_NO_COMMON_BLOCKS = YES;
				GCC_OPTIMIZATION_LEVEL = 0;
				GCC_PREPROCESSOR_DEFINITIONS = (
					"DEBUG=1",
					"$(inherited)",
				);
				GCC_WARN_64_TO_32_BIT_CONVERSION = YES;
				GCC_WARN_ABOUT_RETURN_TYPE = YES_ERROR;
				GCC_WARN_UNDECLARED_SELECTOR = YES;
				GCC_WARN_UNINITIALIZED_AUTOS = YES_AGGRESSIVE;
				GCC_WARN_UNUSED_FUNCTION = YES;
				GCC_WARN_UNUSED_VARIABLE = YES;
				IPHONEOS_DEPLOYMENT_TARGET = 14.5;
				MTL_ENABLE_DEBUG_INFO = INCLUDE_SOURCE;
				MTL_FAST_MATH = YES;
				ONLY_ACTIVE_ARCH = YES;
				SDKROOT = iphoneos;
				SWIFT_ACTIVE_COMPILATION_CONDITIONS = DEBUG;
				SWIFT_OPTIMIZATION_LEVEL = "-Onone";
			};
			name = Debug;
		};
		085370722678985500D30D8C /* Release */ = {
			isa = XCBuildConfiguration;
			buildSettings = {
				ALWAYS_SEARCH_USER_PATHS = NO;
				CLANG_ANALYZER_NONNULL = YES;
				CLANG_ANALYZER_NUMBER_OBJECT_CONVERSION = YES_AGGRESSIVE;
				CLANG_CXX_LANGUAGE_STANDARD = "gnu++14";
				CLANG_CXX_LIBRARY = "libc++";
				CLANG_ENABLE_MODULES = YES;
				CLANG_ENABLE_OBJC_ARC = YES;
				CLANG_ENABLE_OBJC_WEAK = YES;
				CLANG_WARN_BLOCK_CAPTURE_AUTORELEASING = YES;
				CLANG_WARN_BOOL_CONVERSION = YES;
				CLANG_WARN_COMMA = YES;
				CLANG_WARN_CONSTANT_CONVERSION = YES;
				CLANG_WARN_DEPRECATED_OBJC_IMPLEMENTATIONS = YES;
				CLANG_WARN_DIRECT_OBJC_ISA_USAGE = YES_ERROR;
				CLANG_WARN_DOCUMENTATION_COMMENTS = YES;
				CLANG_WARN_EMPTY_BODY = YES;
				CLANG_WARN_ENUM_CONVERSION = YES;
				CLANG_WARN_INFINITE_RECURSION = YES;
				CLANG_WARN_INT_CONVERSION = YES;
				CLANG_WARN_NON_LITERAL_NULL_CONVERSION = YES;
				CLANG_WARN_OBJC_IMPLICIT_RETAIN_SELF = YES;
				CLANG_WARN_OBJC_LITERAL_CONVERSION = YES;
				CLANG_WARN_OBJC_ROOT_CLASS = YES_ERROR;
				CLANG_WARN_QUOTED_INCLUDE_IN_FRAMEWORK_HEADER = YES;
				CLANG_WARN_RANGE_LOOP_ANALYSIS = YES;
				CLANG_WARN_STRICT_PROTOTYPES = YES;
				CLANG_WARN_SUSPICIOUS_MOVE = YES;
				CLANG_WARN_UNGUARDED_AVAILABILITY = YES_AGGRESSIVE;
				CLANG_WARN_UNREACHABLE_CODE = YES;
				CLANG_WARN__DUPLICATE_METHOD_MATCH = YES;
				COPY_PHASE_STRIP = NO;
				DEBUG_INFORMATION_FORMAT = "dwarf-with-dsym";
				ENABLE_NS_ASSERTIONS = NO;
				ENABLE_STRICT_OBJC_MSGSEND = YES;
				GCC_C_LANGUAGE_STANDARD = gnu11;
				GCC_NO_COMMON_BLOCKS = YES;
				GCC_WARN_64_TO_32_BIT_CONVERSION = YES;
				GCC_WARN_ABOUT_RETURN_TYPE = YES_ERROR;
				GCC_WARN_UNDECLARED_SELECTOR = YES;
				GCC_WARN_UNINITIALIZED_AUTOS = YES_AGGRESSIVE;
				GCC_WARN_UNUSED_FUNCTION = YES;
				GCC_WARN_UNUSED_VARIABLE = YES;
				IPHONEOS_DEPLOYMENT_TARGET = 14.5;
				MTL_ENABLE_DEBUG_INFO = NO;
				MTL_FAST_MATH = YES;
				SDKROOT = iphoneos;
				SWIFT_COMPILATION_MODE = wholemodule;
				SWIFT_OPTIMIZATION_LEVEL = "-O";
				VALIDATE_PRODUCT = YES;
			};
			name = Release;
		};
		085370742678985500D30D8C /* Debug */ = {
			isa = XCBuildConfiguration;
			buildSettings = {
				ASSETCATALOG_COMPILER_APPICON_NAME = AppIcon;
				ASSETCATALOG_COMPILER_GLOBAL_ACCENT_COLOR_NAME = AccentColor;
				CODE_SIGN_STYLE = Automatic;
				DEVELOPMENT_TEAM = N5QHVBVDCK;
				INFOPLIST_FILE = BoBNolepAssique/Info.plist;
				LD_RUNPATH_SEARCH_PATHS = (
					"$(inherited)",
					"@executable_path/Frameworks",
				);
				PRODUCT_BUNDLE_IDENTIFIER = io.aziyan99.BoBNolepAssique;
				PRODUCT_NAME = "$(TARGET_NAME)";
				SWIFT_VERSION = 5.0;
				TARGETED_DEVICE_FAMILY = "1,2";
			};
			name = Debug;
		};
		085370752678985500D30D8C /* Release */ = {
			isa = XCBuildConfiguration;
			buildSettings = {
				ASSETCATALOG_COMPILER_APPICON_NAME = AppIcon;
				ASSETCATALOG_COMPILER_GLOBAL_ACCENT_COLOR_NAME = AccentColor;
				CODE_SIGN_STYLE = Automatic;
				DEVELOPMENT_TEAM = N5QHVBVDCK;
				INFOPLIST_FILE = BoBNolepAssique/Info.plist;
				LD_RUNPATH_SEARCH_PATHS = (
					"$(inherited)",
					"@executable_path/Frameworks",
				);
				PRODUCT_BUNDLE_IDENTIFIER = io.aziyan99.BoBNolepAssique;
				PRODUCT_NAME = "$(TARGET_NAME)";
				SWIFT_VERSION = 5.0;
				TARGETED_DEVICE_FAMILY = "1,2";
			};
			name = Release;
		};
/* End XCBuildConfiguration section */

/* Begin XCConfigurationList section */
		085370572678985400D30D8C /* Build configuration list for PBXProject "BoBNolepAssique" */ = {
			isa = XCConfigurationList;
			buildConfigurations = (
				085370712678985500D30D8C /* Debug */,
				085370722678985500D30D8C /* Release */,
			);
			defaultConfigurationIsVisible = 0;
			defaultConfigurationName = Release;
		};
		085370732678985500D30D8C /* Build configuration list for PBXNativeTarget "BoBNolepAssique" */ = {
			isa = XCConfigurationList;
			buildConfigurations = (
				085370742678985500D30D8C /* Debug */,
				085370752678985500D30D8C /* Release */,
			);
			defaultConfigurationIsVisible = 0;
			defaultConfigurationName = Release;
		};
/* End XCConfigurationList section */

/* Begin XCVersionGroup section */
		085370682678985400D30D8C /* BoBNolepAssique.xcdatamodeld */ = {
			isa = XCVersionGroup;
			children = (
				085370692678985400D30D8C /* BoBNolepAssique.xcdatamodel */,
			);
			currentVersion = 085370692678985400D30D8C /* BoBNolepAssique.xcdatamodel */;
			path = BoBNolepAssique.xcdatamodeld;
			sourceTree = "<group>";
			versionGroupType = wrapper.xcdatamodel;
		};
/* End XCVersionGroup section */
	};
	rootObject = 085370542678985400D30D8C /* Project object */;
}
